
Microsoft Visual Studio Solution File, Format Version 12.00
Project("{FAE04EC0-301F-11D3-BF4B-00C04F79EFBC}") = "ForsakenRelic", "ForsakenRelic.csproj", "{C6135820-2EFA-4231-A009-9F6C4E256F31}"
EndProject
Global
	GlobalSection(SolutionConfigurationPlatforms) = preSolution
		Debug|Any CPU = Debug|Any CPU
		ExportDebug|Any CPU = ExportDebug|Any CPU
		ExportRelease|Any CPU = ExportRelease|Any CPU
	EndGlobalSection
	GlobalSection(ProjectConfigurationPlatforms) = postSolution
		{C6135820-2EFA-4231-A009-9F6C4E256F31}.Debug|Any CPU.ActiveCfg = Debug|Any CPU
		{C6135820-2EFA-4231-A009-9F6C4E256F31}.Debug|Any CPU.Build.0 = Debug|Any CPU
		{C6135820-2EFA-4231-A009-9F6C4E256F31}.ExportDebug|Any CPU.ActiveCfg = ExportDebug|Any CPU
		{C6135820-2EFA-4231-A009-9F6C4E256F31}.ExportDebug|Any CPU.Build.0 = ExportDebug|Any CPU
		{C6135820-2EFA-4231-A009-9F6C4E256F31}.ExportRelease|Any CPU.ActiveCfg = ExportRelease|Any CPU
		{C6135820-2EFA-4231-A009-9F6C4E256F31}.ExportRelease|Any CPU.Build.0 = ExportRelease|Any CPU
	EndGlobalSection
EndGlobal
